
Microsoft Visual Studio Solution File, Format Version 12.00
# Visual Studio 15
VisualStudioVersion = 15.0.28307.168
MinimumVisualStudioVersion = 10.0.40219.1
Project("{9A19103F-16F7-4668-BE54-9A1E7A4F7556}") = "ToDoList", "ToDoList\ToDoList.csproj", "{99B4F7EC-64BE-439E-BC49-AEA5FB2A5E00}"
EndProject
Project("{FAE04EC0-301F-11D3-BF4B-00C04F79EFBC}") = "Models", "Models\Models.csproj", "{0B62AB41-8CAD-4F05-84C1-7FBE906BC01D}"
EndProject
Project("{FAE04EC0-301F-11D3-BF4B-00C04F79EFBC}") = "Client.Models", "Client.Models\Client.Models.csproj", "{4B7BFA3E-E33F-427C-B1A3-54D63AC97F95}"
EndProject
Project("{FAE04EC0-301F-11D3-BF4B-00C04F79EFBC}") = "Models.Converters", "Models.Converters\Models.Converters.csproj", "{6C9B095B-8A16-42B5-9DD6-70C795D43060}"
EndProject
Global
	GlobalSection(SolutionConfigurationPlatforms) = preSolution
		Debug|Any CPU = Debug|Any CPU
		Release|Any CPU = Release|Any CPU
	EndGlobalSection
	GlobalSection(ProjectConfigurationPlatforms) = postSolution
		{99B4F7EC-64BE-439E-BC49-AEA5FB2A5E00}.Debug|Any CPU.ActiveCfg = Debug|Any CPU
		{99B4F7EC-64BE-439E-BC49-AEA5FB2A5E00}.Debug|Any CPU.Build.0 = Debug|Any CPU
		{99B4F7EC-64BE-439E-BC49-AEA5FB2A5E00}.Release|Any CPU.ActiveCfg = Release|Any CPU
		{99B4F7EC-64BE-439E-BC49-AEA5FB2A5E00}.Release|Any CPU.Build.0 = Release|Any CPU
		{0B62AB41-8CAD-4F05-84C1-7FBE906BC01D}.Debug|Any CPU.ActiveCfg = Debug|Any CPU
		{0B62AB41-8CAD-4F05-84C1-7FBE906BC01D}.Debug|Any CPU.Build.0 = Debug|Any CPU
		{0B62AB41-8CAD-4F05-84C1-7FBE906BC01D}.Release|Any CPU.ActiveCfg = Release|Any CPU
		{0B62AB41-8CAD-4F05-84C1-7FBE906BC01D}.Release|Any CPU.Build.0 = Release|Any CPU
		{4B7BFA3E-E33F-427C-B1A3-54D63AC97F95}.Debug|Any CPU.ActiveCfg = Debug|Any CPU
		{4B7BFA3E-E33F-427C-B1A3-54D63AC97F95}.Debug|Any CPU.Build.0 = Debug|Any CPU
		{4B7BFA3E-E33F-427C-B1A3-54D63AC97F95}.Release|Any CPU.ActiveCfg = Release|Any CPU
		{4B7BFA3E-E33F-427C-B1A3-54D63AC97F95}.Release|Any CPU.Build.0 = Release|Any CPU
		{6C9B095B-8A16-42B5-9DD6-70C795D43060}.Debug|Any CPU.ActiveCfg = Debug|Any CPU
		{6C9B095B-8A16-42B5-9DD6-70C795D43060}.Debug|Any CPU.Build.0 = Debug|Any CPU
		{6C9B095B-8A16-42B5-9DD6-70C795D43060}.Release|Any CPU.ActiveCfg = Release|Any CPU
		{6C9B095B-8A16-42B5-9DD6-70C795D43060}.Release|Any CPU.Build.0 = Release|Any CPU
	EndGlobalSection
	GlobalSection(SolutionProperties) = preSolution
		HideSolutionNode = FALSE
	EndGlobalSection
	GlobalSection(ExtensibilityGlobals) = postSolution
		SolutionGuid = {8C7D4F31-542A-4F74-A616-3FE7EDD11B84}
	EndGlobalSection
EndGlobal
